
Microsoft Visual Studio Solution File, Format Version 12.00
# Visual Studio 14
VisualStudioVersion = 14.0.25420.1
MinimumVisualStudioVersion = 10.0.40219.1
Project("{8BC9CEB8-8B4A-11D0-8D11-00A0C91BC942}") = "Prj01", "Prj01\Prj01.vcxproj", "{EF4ECBDE-49F5-4233-92CC-BF271C366353}"
EndProject
Project("{8BC9CEB8-8B4A-11D0-8D11-00A0C91BC942}") = "Prj02", "Prj02\Prj02.vcxproj", "{E3A77FF1-E59D-4592-B278-63C41473FCAB}"
EndProject
Project("{8BC9CEB8-8B4A-11D0-8D11-00A0C91BC942}") = "Prj03", "Prj03\Prj03.vcxproj", "{63B887F9-EB50-408D-AE76-735C12588315}"
EndProject
Project("{8BC9CEB8-8B4A-11D0-8D11-00A0C91BC942}") = "Prj04", "Prj04\Prj04.vcxproj", "{2C683EAB-6F00-473F-9C22-87AD34835AC8}"
EndProject
Project("{8BC9CEB8-8B4A-11D0-8D11-00A0C91BC942}") = "Prj05", "Prj05\Prj05.vcxproj", "{41D63789-2E7C-4F2B-A533-886ABDC18FAC}"
EndProject
Project("{8BC9CEB8-8B4A-11D0-8D11-00A0C91BC942}") = "Prj06", "Prj06\Prj06.vcxproj", "{5173C241-CC3C-477F-A481-3763827782DB}"
EndProject
Project("{8BC9CEB8-8B4A-11D0-8D11-00A0C91BC942}") = "Prj07", "Prj07\Prj07.vcxproj", "{287422BC-5550-4898-B5A1-77CF8F3D96E0}"
EndProject
Project("{8BC9CEB8-8B4A-11D0-8D11-00A0C91BC942}") = "Prj08", "Prj08\Prj08.vcxproj", "{496A6CD4-85F4-4D33-BBB0-E323E425AAD2}"
EndProject
Project("{8BC9CEB8-8B4A-11D0-8D11-00A0C91BC942}") = "Prj09", "Prj09\Prj09.vcxproj", "{4BF4CDC4-36D9-42A0-9A3C-2E86AEF97639}"
EndProject
Project("{8BC9CEB8-8B4A-11D0-8D11-00A0C91BC942}") = "Prj10", "Prj10\Prj10.vcxproj", "{CAD8BD1A-6C4B-4067-ABCB-776954BC5DF4}"
EndProject
Project("{8BC9CEB8-8B4A-11D0-8D11-00A0C91BC942}") = "Prj11", "Prj11\Prj11.vcxproj", "{51636E96-B7F6-4B76-A429-14F76C6DE677}"
EndProject
Project("{8BC9CEB8-8B4A-11D0-8D11-00A0C91BC942}") = "Prj12", "Prj12\Prj12.vcxproj", "{9CD28380-C11F-496A-9C51-30E151629813}"
EndProject
Project("{8BC9CEB8-8B4A-11D0-8D11-00A0C91BC942}") = "Prj13", "Prj13\Prj13.vcxproj", "{AFBE6C20-DE62-4CBF-A5C3-BB28943B9EBD}"
EndProject
Global
	GlobalSection(SolutionConfigurationPlatforms) = preSolution
		Debug|x64 = Debug|x64
		Debug|x86 = Debug|x86
		Release|x64 = Release|x64
		Release|x86 = Release|x86
	EndGlobalSection
	GlobalSection(ProjectConfigurationPlatforms) = postSolution
		{EF4ECBDE-49F5-4233-92CC-BF271C366353}.Debug|x64.ActiveCfg = Debug|x64
		{EF4ECBDE-49F5-4233-92CC-BF271C366353}.Debug|x64.Build.0 = Debug|x64
		{EF4ECBDE-49F5-4233-92CC-BF271C366353}.Debug|x86.ActiveCfg = Debug|Win32
		{EF4ECBDE-49F5-4233-92CC-BF271C366353}.Debug|x86.Build.0 = Debug|Win32
		{EF4ECBDE-49F5-4233-92CC-BF271C366353}.Release|x64.ActiveCfg = Release|x64
		{EF4ECBDE-49F5-4233-92CC-BF271C366353}.Release|x64.Build.0 = Release|x64
		{EF4ECBDE-49F5-4233-92CC-BF271C366353}.Release|x86.ActiveCfg = Release|Win32
		{EF4ECBDE-49F5-4233-92CC-BF271C366353}.Release|x86.Build.0 = Release|Win32
		{E3A77FF1-E59D-4592-B278-63C41473FCAB}.Debug|x64.ActiveCfg = Debug|x64
		{E3A77FF1-E59D-4592-B278-63C41473FCAB}.Debug|x64.Build.0 = Debug|x64
		{E3A77FF1-E59D-4592-B278-63C41473FCAB}.Debug|x86.ActiveCfg = Debug|Win32
		{E3A77FF1-E59D-4592-B278-63C41473FCAB}.Debug|x86.Build.0 = Debug|Win32
		{E3A77FF1-E59D-4592-B278-63C41473FCAB}.Release|x64.ActiveCfg = Release|x64
		{E3A77FF1-E59D-4592-B278-63C41473FCAB}.Release|x64.Build.0 = Release|x64
		{E3A77FF1-E59D-4592-B278-63C41473FCAB}.Release|x86.ActiveCfg = Release|Win32
		{E3A77FF1-E59D-4592-B278-63C41473FCAB}.Release|x86.Build.0 = Release|Win32
		{63B887F9-EB50-408D-AE76-735C12588315}.Debug|x64.ActiveCfg = Debug|x64
		{63B887F9-EB50-408D-AE76-735C12588315}.Debug|x64.Build.0 = Debug|x64
		{63B887F9-EB50-408D-AE76-735C12588315}.Debug|x86.ActiveCfg = Debug|Win32
		{63B887F9-EB50-408D-AE76-735C12588315}.Debug|x86.Build.0 = Debug|Win32
		{63B887F9-EB50-408D-AE76-735C12588315}.Release|x64.ActiveCfg = Release|x64
		{63B887F9-EB50-408D-AE76-735C12588315}.Release|x64.Build.0 = Release|x64
		{63B887F9-EB50-408D-AE76-735C12588315}.Release|x86.ActiveCfg = Release|Win32
		{63B887F9-EB50-408D-AE76-735C12588315}.Release|x86.Build.0 = Release|Win32
		{2C683EAB-6F00-473F-9C22-87AD34835AC8}.Debug|x64.ActiveCfg = Debug|x64
		{2C683EAB-6F00-473F-9C22-87AD34835AC8}.Debug|x64.Build.0 = Debug|x64
		{2C683EAB-6F00-473F-9C22-87AD34835AC8}.Debug|x86.ActiveCfg = Debug|Win32
		{2C683EAB-6F00-473F-9C22-87AD34835AC8}.Debug|x86.Build.0 = Debug|Win32
		{2C683EAB-6F00-473F-9C22-87AD34835AC8}.Release|x64.ActiveCfg = Release|x64
		{2C683EAB-6F00-473F-9C22-87AD34835AC8}.Release|x64.Build.0 = Release|x64
		{2C683EAB-6F00-473F-9C22-87AD34835AC8}.Release|x86.ActiveCfg = Release|Win32
		{2C683EAB-6F00-473F-9C22-87AD34835AC8}.Release|x86.Build.0 = Release|Win32
		{41D63789-2E7C-4F2B-A533-886ABDC18FAC}.Debug|x64.ActiveCfg = Debug|x64
		{41D63789-2E7C-4F2B-A533-886ABDC18FAC}.Debug|x64.Build.0 = Debug|x64
		{41D63789-2E7C-4F2B-A533-886ABDC18FAC}.Debug|x86.ActiveCfg = Debug|Win32
		{41D63789-2E7C-4F2B-A533-886ABDC18FAC}.Debug|x86.Build.0 = Debug|Win32
		{41D63789-2E7C-4F2B-A533-886ABDC18FAC}.Release|x64.ActiveCfg = Release|x64
		{41D63789-2E7C-4F2B-A533-886ABDC18FAC}.Release|x64.Build.0 = Release|x64
		{41D63789-2E7C-4F2B-A533-886ABDC18FAC}.Release|x86.ActiveCfg = Release|Win32
		{41D63789-2E7C-4F2B-A533-886ABDC18FAC}.Release|x86.Build.0 = Release|Win32
		{5173C241-CC3C-477F-A481-3763827782DB}.Debug|x64.ActiveCfg = Debug|x64
		{5173C241-CC3C-477F-A481-3763827782DB}.Debug|x64.Build.0 = Debug|x64
		{5173C241-CC3C-477F-A481-3763827782DB}.Debug|x86.ActiveCfg = Debug|Win32
		{5173C241-CC3C-477F-A481-3763827782DB}.Debug|x86.Build.0 = Debug|Win32
		{5173C241-CC3C-477F-A481-3763827782DB}.Release|x64.ActiveCfg = Release|x64
		{5173C241-CC3C-477F-A481-3763827782DB}.Release|x64.Build.0 = Release|x64
		{5173C241-CC3C-477F-A481-3763827782DB}.Release|x86.ActiveCfg = Release|Win32
		{5173C241-CC3C-477F-A481-3763827782DB}.Release|x86.Build.0 = Release|Win32
		{287422BC-5550-4898-B5A1-77CF8F3D96E0}.Debug|x64.ActiveCfg = Debug|x64
		{287422BC-5550-4898-B5A1-77CF8F3D96E0}.Debug|x64.Build.0 = Debug|x64
		{287422BC-5550-4898-B5A1-77CF8F3D96E0}.Debug|x86.ActiveCfg = Debug|Win32
		{287422BC-5550-4898-B5A1-77CF8F3D96E0}.Debug|x86.Build.0 = Debug|Win32
		{287422BC-5550-4898-B5A1-77CF8F3D96E0}.Release|x64.ActiveCfg = Release|x64
		{287422BC-5550-4898-B5A1-77CF8F3D96E0}.Release|x64.Build.0 = Release|x64
		{287422BC-5550-4898-B5A1-77CF8F3D96E0}.Release|x86.ActiveCfg = Release|Win32
		{287422BC-5550-4898-B5A1-77CF8F3D96E0}.Release|x86.Build.0 = Release|Win32
		{496A6CD4-85F4-4D33-BBB0-E323E425AAD2}.Debug|x64.ActiveCfg = Debug|x64
		{496A6CD4-85F4-4D33-BBB0-E323E425AAD2}.Debug|x64.Build.0 = Debug|x64
		{496A6CD4-85F4-4D33-BBB0-E323E425AAD2}.Debug|x86.ActiveCfg = Debug|Win32
		{496A6CD4-85F4-4D33-BBB0-E323E425AAD2}.Debug|x86.Build.0 = Debug|Win32
		{496A6CD4-85F4-4D33-BBB0-E323E425AAD2}.Release|x64.ActiveCfg = Release|x64
		{496A6CD4-85F4-4D33-BBB0-E323E425AAD2}.Release|x64.Build.0 = Release|x64
		{496A6CD4-85F4-4D33-BBB0-E323E425AAD2}.Release|x86.ActiveCfg = Release|Win32
		{496A6CD4-85F4-4D33-BBB0-E323E425AAD2}.Release|x86.Build.0 = Release|Win32
		{4BF4CDC4-36D9-42A0-9A3C-2E86AEF97639}.Debug|x64.ActiveCfg = Debug|x64
		{4BF4CDC4-36D9-42A0-9A3C-2E86AEF97639}.Debug|x64.Build.0 = Debug|x64
		{4BF4CDC4-36D9-42A0-9A3C-2E86AEF97639}.Debug|x86.ActiveCfg = Debug|Win32
		{4BF4CDC4-36D9-42A0-9A3C-2E86AEF97639}.Debug|x86.Build.0 = Debug|Win32
		{4BF4CDC4-36D9-42A0-9A3C-2E86AEF97639}.Release|x64.ActiveCfg = Release|x64
		{4BF4CDC4-36D9-42A0-9A3C-2E86AEF97639}.Release|x64.Build.0 = Release|x64
		{4BF4CDC4-36D9-42A0-9A3C-2E86AEF97639}.Release|x86.ActiveCfg = Release|Win32
		{4BF4CDC4-36D9-42A0-9A3C-2E86AEF97639}.Release|x86.Build.0 = Release|Win32
		{CAD8BD1A-6C4B-4067-ABCB-776954BC5DF4}.Debug|x64.ActiveCfg = Debug|x64
		{CAD8BD1A-6C4B-4067-ABCB-776954BC5DF4}.Debug|x64.Build.0 = Debug|x64
		{CAD8BD1A-6C4B-4067-ABCB-776954BC5DF4}.Debug|x86.ActiveCfg = Debug|Win32
		{CAD8BD1A-6C4B-4067-ABCB-776954BC5DF4}.Debug|x86.Build.0 = Debug|Win32
		{CAD8BD1A-6C4B-4067-ABCB-776954BC5DF4}.Release|x64.ActiveCfg = Release|x64
		{CAD8BD1A-6C4B-4067-ABCB-776954BC5DF4}.Release|x64.Build.0 = Release|x64
		{CAD8BD1A-6C4B-4067-ABCB-776954BC5DF4}.Release|x86.ActiveCfg = Release|Win32
		{CAD8BD1A-6C4B-4067-ABCB-776954BC5DF4}.Release|x86.Build.0 = Release|Win32
		{51636E96-B7F6-4B76-A429-14F76C6DE677}.Debug|x64.ActiveCfg = Debug|x64
		{51636E96-B7F6-4B76-A429-14F76C6DE677}.Debug|x64.Build.0 = Debug|x64
		{51636E96-B7F6-4B76-A429-14F76C6DE677}.Debug|x86.ActiveCfg = Debug|Win32
		{51636E96-B7F6-4B76-A429-14F76C6DE677}.Debug|x86.Build.0 = Debug|Win32
		{51636E96-B7F6-4B76-A429-14F76C6DE677}.Release|x64.ActiveCfg = Release|x64
		{51636E96-B7F6-4B76-A429-14F76C6DE677}.Release|x64.Build.0 = Release|x64
		{51636E96-B7F6-4B76-A429-14F76C6DE677}.Release|x86.ActiveCfg = Release|Win32
		{51636E96-B7F6-4B76-A429-14F76C6DE677}.Release|x86.Build.0 = Release|Win32
		{9CD28380-C11F-496A-9C51-30E151629813}.Debug|x64.ActiveCfg = Debug|x64
		{9CD28380-C11F-496A-9C51-30E151629813}.Debug|x64.Build.0 = Debug|x64
		{9CD28380-C11F-496A-9C51-30E151629813}.Debug|x86.ActiveCfg = Debug|Win32
		{9CD28380-C11F-496A-9C51-30E151629813}.Debug|x86.Build.0 = Debug|Win32
		{9CD28380-C11F-496A-9C51-30E151629813}.Release|x64.ActiveCfg = Release|x64
		{9CD28380-C11F-496A-9C51-30E151629813}.Release|x64.Build.0 = Release|x64
		{9CD28380-C11F-496A-9C51-30E151629813}.Release|x86.ActiveCfg = Release|Win32
		{9CD28380-C11F-496A-9C51-30E151629813}.Release|x86.Build.0 = Release|Win32
		{AFBE6C20-DE62-4CBF-A5C3-BB28943B9EBD}.Debug|x64.ActiveCfg = Debug|x64
		{AFBE6C20-DE62-4CBF-A5C3-BB28943B9EBD}.Debug|x64.Build.0 = Debug|x64
		{AFBE6C20-DE62-4CBF-A5C3-BB28943B9EBD}.Debug|x86.ActiveCfg = Debug|Win32
		{AFBE6C20-DE62-4CBF-A5C3-BB28943B9EBD}.Debug|x86.Build.0 = Debug|Win32
		{AFBE6C20-DE62-4CBF-A5C3-BB28943B9EBD}.Release|x64.ActiveCfg = Release|x64
		{AFBE6C20-DE62-4CBF-A5C3-BB28943B9EBD}.Release|x64.Build.0 = Release|x64
		{AFBE6C20-DE62-4CBF-A5C3-BB28943B9EBD}.Release|x86.ActiveCfg = Release|Win32
		{AFBE6C20-DE62-4CBF-A5C3-BB28943B9EBD}.Release|x86.Build.0 = Release|Win32
	EndGlobalSection
	GlobalSection(SolutionProperties) = preSolution
		HideSolutionNode = FALSE
	EndGlobalSection
EndGlobal
