
Microsoft Visual Studio Solution File, Format Version 12.00
# Visual Studio 14
VisualStudioVersion = 14.0.25420.1
MinimumVisualStudioVersion = 10.0.40219.1
Project("{8BC9CEB8-8B4A-11D0-8D11-00A0C91BC942}") = "Prj01", "Prj01\Prj01.vcxproj", "{87DB95C2-1F71-450A-B643-AFD98EB0FBD5}"
EndProject
Project("{8BC9CEB8-8B4A-11D0-8D11-00A0C91BC942}") = "Prj02", "Prj02\Prj02.vcxproj", "{1BA4B3AD-FFDE-4E4F-BA88-73A2678E323A}"
EndProject
Project("{8BC9CEB8-8B4A-11D0-8D11-00A0C91BC942}") = "Prj03", "Prj03\Prj03.vcxproj", "{0B31C79C-608A-47CF-A92D-03A0D39814BF}"
EndProject
Project("{8BC9CEB8-8B4A-11D0-8D11-00A0C91BC942}") = "Prj04", "Prj04\Prj04.vcxproj", "{E307D4B4-8C12-403C-9C0B-78A93F30E334}"
EndProject
Project("{8BC9CEB8-8B4A-11D0-8D11-00A0C91BC942}") = "Prj05", "Prj05\Prj05.vcxproj", "{CFCFE714-F3E0-4B9E-A2D2-A9FE1A1787F8}"
EndProject
Project("{8BC9CEB8-8B4A-11D0-8D11-00A0C91BC942}") = "Prj06", "Prj06\Prj06.vcxproj", "{F0534828-95C9-4A1B-93B8-301E24B218C6}"
EndProject
Project("{8BC9CEB8-8B4A-11D0-8D11-00A0C91BC942}") = "Prj07", "Prj07\Prj07.vcxproj", "{C671B9D5-2A34-4019-AE48-4AC8D22C26E9}"
EndProject
Global
	GlobalSection(SolutionConfigurationPlatforms) = preSolution
		Debug|x64 = Debug|x64
		Debug|x86 = Debug|x86
		Release|x64 = Release|x64
		Release|x86 = Release|x86
	EndGlobalSection
	GlobalSection(ProjectConfigurationPlatforms) = postSolution
		{87DB95C2-1F71-450A-B643-AFD98EB0FBD5}.Debug|x64.ActiveCfg = Debug|x64
		{87DB95C2-1F71-450A-B643-AFD98EB0FBD5}.Debug|x64.Build.0 = Debug|x64
		{87DB95C2-1F71-450A-B643-AFD98EB0FBD5}.Debug|x86.ActiveCfg = Debug|Win32
		{87DB95C2-1F71-450A-B643-AFD98EB0FBD5}.Debug|x86.Build.0 = Debug|Win32
		{87DB95C2-1F71-450A-B643-AFD98EB0FBD5}.Release|x64.ActiveCfg = Release|x64
		{87DB95C2-1F71-450A-B643-AFD98EB0FBD5}.Release|x64.Build.0 = Release|x64
		{87DB95C2-1F71-450A-B643-AFD98EB0FBD5}.Release|x86.ActiveCfg = Release|Win32
		{87DB95C2-1F71-450A-B643-AFD98EB0FBD5}.Release|x86.Build.0 = Release|Win32
		{1BA4B3AD-FFDE-4E4F-BA88-73A2678E323A}.Debug|x64.ActiveCfg = Debug|x64
		{1BA4B3AD-FFDE-4E4F-BA88-73A2678E323A}.Debug|x64.Build.0 = Debug|x64
		{1BA4B3AD-FFDE-4E4F-BA88-73A2678E323A}.Debug|x86.ActiveCfg = Debug|Win32
		{1BA4B3AD-FFDE-4E4F-BA88-73A2678E323A}.Debug|x86.Build.0 = Debug|Win32
		{1BA4B3AD-FFDE-4E4F-BA88-73A2678E323A}.Release|x64.ActiveCfg = Release|x64
		{1BA4B3AD-FFDE-4E4F-BA88-73A2678E323A}.Release|x64.Build.0 = Release|x64
		{1BA4B3AD-FFDE-4E4F-BA88-73A2678E323A}.Release|x86.ActiveCfg = Release|Win32
		{1BA4B3AD-FFDE-4E4F-BA88-73A2678E323A}.Release|x86.Build.0 = Release|Win32
		{0B31C79C-608A-47CF-A92D-03A0D39814BF}.Debug|x64.ActiveCfg = Debug|x64
		{0B31C79C-608A-47CF-A92D-03A0D39814BF}.Debug|x64.Build.0 = Debug|x64
		{0B31C79C-608A-47CF-A92D-03A0D39814BF}.Debug|x86.ActiveCfg = Debug|Win32
		{0B31C79C-608A-47CF-A92D-03A0D39814BF}.Debug|x86.Build.0 = Debug|Win32
		{0B31C79C-608A-47CF-A92D-03A0D39814BF}.Release|x64.ActiveCfg = Release|x64
		{0B31C79C-608A-47CF-A92D-03A0D39814BF}.Release|x64.Build.0 = Release|x64
		{0B31C79C-608A-47CF-A92D-03A0D39814BF}.Release|x86.ActiveCfg = Release|Win32
		{0B31C79C-608A-47CF-A92D-03A0D39814BF}.Release|x86.Build.0 = Release|Win32
		{E307D4B4-8C12-403C-9C0B-78A93F30E334}.Debug|x64.ActiveCfg = Debug|x64
		{E307D4B4-8C12-403C-9C0B-78A93F30E334}.Debug|x64.Build.0 = Debug|x64
		{E307D4B4-8C12-403C-9C0B-78A93F30E334}.Debug|x86.ActiveCfg = Debug|Win32
		{E307D4B4-8C12-403C-9C0B-78A93F30E334}.Debug|x86.Build.0 = Debug|Win32
		{E307D4B4-8C12-403C-9C0B-78A93F30E334}.Release|x64.ActiveCfg = Release|x64
		{E307D4B4-8C12-403C-9C0B-78A93F30E334}.Release|x64.Build.0 = Release|x64
		{E307D4B4-8C12-403C-9C0B-78A93F30E334}.Release|x86.ActiveCfg = Release|Win32
		{E307D4B4-8C12-403C-9C0B-78A93F30E334}.Release|x86.Build.0 = Release|Win32
		{CFCFE714-F3E0-4B9E-A2D2-A9FE1A1787F8}.Debug|x64.ActiveCfg = Debug|x64
		{CFCFE714-F3E0-4B9E-A2D2-A9FE1A1787F8}.Debug|x64.Build.0 = Debug|x64
		{CFCFE714-F3E0-4B9E-A2D2-A9FE1A1787F8}.Debug|x86.ActiveCfg = Debug|Win32
		{CFCFE714-F3E0-4B9E-A2D2-A9FE1A1787F8}.Debug|x86.Build.0 = Debug|Win32
		{CFCFE714-F3E0-4B9E-A2D2-A9FE1A1787F8}.Release|x64.ActiveCfg = Release|x64
		{CFCFE714-F3E0-4B9E-A2D2-A9FE1A1787F8}.Release|x64.Build.0 = Release|x64
		{CFCFE714-F3E0-4B9E-A2D2-A9FE1A1787F8}.Release|x86.ActiveCfg = Release|Win32
		{CFCFE714-F3E0-4B9E-A2D2-A9FE1A1787F8}.Release|x86.Build.0 = Release|Win32
		{F0534828-95C9-4A1B-93B8-301E24B218C6}.Debug|x64.ActiveCfg = Debug|x64
		{F0534828-95C9-4A1B-93B8-301E24B218C6}.Debug|x64.Build.0 = Debug|x64
		{F0534828-95C9-4A1B-93B8-301E24B218C6}.Debug|x86.ActiveCfg = Debug|Win32
		{F0534828-95C9-4A1B-93B8-301E24B218C6}.Debug|x86.Build.0 = Debug|Win32
		{F0534828-95C9-4A1B-93B8-301E24B218C6}.Release|x64.ActiveCfg = Release|x64
		{F0534828-95C9-4A1B-93B8-301E24B218C6}.Release|x64.Build.0 = Release|x64
		{F0534828-95C9-4A1B-93B8-301E24B218C6}.Release|x86.ActiveCfg = Release|Win32
		{F0534828-95C9-4A1B-93B8-301E24B218C6}.Release|x86.Build.0 = Release|Win32
		{C671B9D5-2A34-4019-AE48-4AC8D22C26E9}.Debug|x64.ActiveCfg = Debug|x64
		{C671B9D5-2A34-4019-AE48-4AC8D22C26E9}.Debug|x64.Build.0 = Debug|x64
		{C671B9D5-2A34-4019-AE48-4AC8D22C26E9}.Debug|x86.ActiveCfg = Debug|Win32
		{C671B9D5-2A34-4019-AE48-4AC8D22C26E9}.Debug|x86.Build.0 = Debug|Win32
		{C671B9D5-2A34-4019-AE48-4AC8D22C26E9}.Release|x64.ActiveCfg = Release|x64
		{C671B9D5-2A34-4019-AE48-4AC8D22C26E9}.Release|x64.Build.0 = Release|x64
		{C671B9D5-2A34-4019-AE48-4AC8D22C26E9}.Release|x86.ActiveCfg = Release|Win32
		{C671B9D5-2A34-4019-AE48-4AC8D22C26E9}.Release|x86.Build.0 = Release|Win32
	EndGlobalSection
	GlobalSection(SolutionProperties) = preSolution
		HideSolutionNode = FALSE
	EndGlobalSection
EndGlobal
