
Microsoft Visual Studio Solution File, Format Version 12.00
# Visual Studio 14
VisualStudioVersion = 14.0.25420.1
MinimumVisualStudioVersion = 10.0.40219.1
Project("{8BC9CEB8-8B4A-11D0-8D11-00A0C91BC942}") = "Prj01", "Prj01\Prj01.vcxproj", "{E479C323-EA24-4E84-9FC6-065080B732F4}"
EndProject
Project("{8BC9CEB8-8B4A-11D0-8D11-00A0C91BC942}") = "Prj02", "Prj02\Prj02.vcxproj", "{13D08888-899F-4487-9EA5-8623C0002F17}"
EndProject
Project("{8BC9CEB8-8B4A-11D0-8D11-00A0C91BC942}") = "Prj03", "Prj03\Prj03.vcxproj", "{B3109CFC-484A-4DC4-A675-E1A44A5A4BA8}"
EndProject
Project("{8BC9CEB8-8B4A-11D0-8D11-00A0C91BC942}") = "Prj04", "Prj04\Prj04.vcxproj", "{9ECB4E98-CECB-4A98-A5F8-AB5FDA098053}"
EndProject
Project("{8BC9CEB8-8B4A-11D0-8D11-00A0C91BC942}") = "Prj05", "Prj05\Prj05.vcxproj", "{3B265FE6-51E9-4E77-923D-7916AB59F29F}"
EndProject
Project("{8BC9CEB8-8B4A-11D0-8D11-00A0C91BC942}") = "Prj06", "Prj06\Prj06.vcxproj", "{C94D789C-939B-4988-B5BA-F1C52A8849B0}"
EndProject
Project("{8BC9CEB8-8B4A-11D0-8D11-00A0C91BC942}") = "Prj07", "Prj07\Prj07.vcxproj", "{E8A5DC1A-5394-4200-AFD6-E34F3B1CC4A3}"
EndProject
Project("{8BC9CEB8-8B4A-11D0-8D11-00A0C91BC942}") = "Prj08", "Prj08\Prj08.vcxproj", "{A640A97F-AEFD-44CA-ACA7-1C82A95F89A7}"
EndProject
Project("{8BC9CEB8-8B4A-11D0-8D11-00A0C91BC942}") = "Prj09", "Prj09\Prj09.vcxproj", "{9A352589-1A50-4219-8184-174894603416}"
EndProject
Project("{8BC9CEB8-8B4A-11D0-8D11-00A0C91BC942}") = "Prj10", "Prj10\Prj10.vcxproj", "{987CB903-A1F3-4261-BA4C-0453EBB61BE0}"
EndProject
Project("{8BC9CEB8-8B4A-11D0-8D11-00A0C91BC942}") = "Prj11", "Prj11\Prj11.vcxproj", "{E9E2DC03-A644-4986-9BFE-8AFFE50F025D}"
EndProject
Project("{8BC9CEB8-8B4A-11D0-8D11-00A0C91BC942}") = "Prj12", "Prj12\Prj12.vcxproj", "{2BF43CFE-B916-4952-9B3B-AE5CED965015}"
EndProject
Project("{8BC9CEB8-8B4A-11D0-8D11-00A0C91BC942}") = "Prj13", "Prj13\Prj13.vcxproj", "{84042078-7790-451B-9721-37766B66B93B}"
EndProject
Project("{8BC9CEB8-8B4A-11D0-8D11-00A0C91BC942}") = "Prj14", "Prj14\Prj14.vcxproj", "{9A2CF2B6-412B-4280-849F-E28B4E8D60B6}"
EndProject
Global
	GlobalSection(SolutionConfigurationPlatforms) = preSolution
		Debug|x64 = Debug|x64
		Debug|x86 = Debug|x86
		Release|x64 = Release|x64
		Release|x86 = Release|x86
	EndGlobalSection
	GlobalSection(ProjectConfigurationPlatforms) = postSolution
		{E479C323-EA24-4E84-9FC6-065080B732F4}.Debug|x64.ActiveCfg = Debug|x64
		{E479C323-EA24-4E84-9FC6-065080B732F4}.Debug|x64.Build.0 = Debug|x64
		{E479C323-EA24-4E84-9FC6-065080B732F4}.Debug|x86.ActiveCfg = Debug|Win32
		{E479C323-EA24-4E84-9FC6-065080B732F4}.Debug|x86.Build.0 = Debug|Win32
		{E479C323-EA24-4E84-9FC6-065080B732F4}.Release|x64.ActiveCfg = Release|x64
		{E479C323-EA24-4E84-9FC6-065080B732F4}.Release|x64.Build.0 = Release|x64
		{E479C323-EA24-4E84-9FC6-065080B732F4}.Release|x86.ActiveCfg = Release|Win32
		{E479C323-EA24-4E84-9FC6-065080B732F4}.Release|x86.Build.0 = Release|Win32
		{13D08888-899F-4487-9EA5-8623C0002F17}.Debug|x64.ActiveCfg = Debug|x64
		{13D08888-899F-4487-9EA5-8623C0002F17}.Debug|x64.Build.0 = Debug|x64
		{13D08888-899F-4487-9EA5-8623C0002F17}.Debug|x86.ActiveCfg = Debug|Win32
		{13D08888-899F-4487-9EA5-8623C0002F17}.Debug|x86.Build.0 = Debug|Win32
		{13D08888-899F-4487-9EA5-8623C0002F17}.Release|x64.ActiveCfg = Release|x64
		{13D08888-899F-4487-9EA5-8623C0002F17}.Release|x64.Build.0 = Release|x64
		{13D08888-899F-4487-9EA5-8623C0002F17}.Release|x86.ActiveCfg = Release|Win32
		{13D08888-899F-4487-9EA5-8623C0002F17}.Release|x86.Build.0 = Release|Win32
		{B3109CFC-484A-4DC4-A675-E1A44A5A4BA8}.Debug|x64.ActiveCfg = Debug|x64
		{B3109CFC-484A-4DC4-A675-E1A44A5A4BA8}.Debug|x64.Build.0 = Debug|x64
		{B3109CFC-484A-4DC4-A675-E1A44A5A4BA8}.Debug|x86.ActiveCfg = Debug|Win32
		{B3109CFC-484A-4DC4-A675-E1A44A5A4BA8}.Debug|x86.Build.0 = Debug|Win32
		{B3109CFC-484A-4DC4-A675-E1A44A5A4BA8}.Release|x64.ActiveCfg = Release|x64
		{B3109CFC-484A-4DC4-A675-E1A44A5A4BA8}.Release|x64.Build.0 = Release|x64
		{B3109CFC-484A-4DC4-A675-E1A44A5A4BA8}.Release|x86.ActiveCfg = Release|Win32
		{B3109CFC-484A-4DC4-A675-E1A44A5A4BA8}.Release|x86.Build.0 = Release|Win32
		{9ECB4E98-CECB-4A98-A5F8-AB5FDA098053}.Debug|x64.ActiveCfg = Debug|x64
		{9ECB4E98-CECB-4A98-A5F8-AB5FDA098053}.Debug|x64.Build.0 = Debug|x64
		{9ECB4E98-CECB-4A98-A5F8-AB5FDA098053}.Debug|x86.ActiveCfg = Debug|Win32
		{9ECB4E98-CECB-4A98-A5F8-AB5FDA098053}.Debug|x86.Build.0 = Debug|Win32
		{9ECB4E98-CECB-4A98-A5F8-AB5FDA098053}.Release|x64.ActiveCfg = Release|x64
		{9ECB4E98-CECB-4A98-A5F8-AB5FDA098053}.Release|x64.Build.0 = Release|x64
		{9ECB4E98-CECB-4A98-A5F8-AB5FDA098053}.Release|x86.ActiveCfg = Release|Win32
		{9ECB4E98-CECB-4A98-A5F8-AB5FDA098053}.Release|x86.Build.0 = Release|Win32
		{3B265FE6-51E9-4E77-923D-7916AB59F29F}.Debug|x64.ActiveCfg = Debug|x64
		{3B265FE6-51E9-4E77-923D-7916AB59F29F}.Debug|x64.Build.0 = Debug|x64
		{3B265FE6-51E9-4E77-923D-7916AB59F29F}.Debug|x86.ActiveCfg = Debug|Win32
		{3B265FE6-51E9-4E77-923D-7916AB59F29F}.Debug|x86.Build.0 = Debug|Win32
		{3B265FE6-51E9-4E77-923D-7916AB59F29F}.Release|x64.ActiveCfg = Release|x64
		{3B265FE6-51E9-4E77-923D-7916AB59F29F}.Release|x64.Build.0 = Release|x64
		{3B265FE6-51E9-4E77-923D-7916AB59F29F}.Release|x86.ActiveCfg = Release|Win32
		{3B265FE6-51E9-4E77-923D-7916AB59F29F}.Release|x86.Build.0 = Release|Win32
		{C94D789C-939B-4988-B5BA-F1C52A8849B0}.Debug|x64.ActiveCfg = Debug|x64
		{C94D789C-939B-4988-B5BA-F1C52A8849B0}.Debug|x64.Build.0 = Debug|x64
		{C94D789C-939B-4988-B5BA-F1C52A8849B0}.Debug|x86.ActiveCfg = Debug|Win32
		{C94D789C-939B-4988-B5BA-F1C52A8849B0}.Debug|x86.Build.0 = Debug|Win32
		{C94D789C-939B-4988-B5BA-F1C52A8849B0}.Release|x64.ActiveCfg = Release|x64
		{C94D789C-939B-4988-B5BA-F1C52A8849B0}.Release|x64.Build.0 = Release|x64
		{C94D789C-939B-4988-B5BA-F1C52A8849B0}.Release|x86.ActiveCfg = Release|Win32
		{C94D789C-939B-4988-B5BA-F1C52A8849B0}.Release|x86.Build.0 = Release|Win32
		{E8A5DC1A-5394-4200-AFD6-E34F3B1CC4A3}.Debug|x64.ActiveCfg = Debug|x64
		{E8A5DC1A-5394-4200-AFD6-E34F3B1CC4A3}.Debug|x64.Build.0 = Debug|x64
		{E8A5DC1A-5394-4200-AFD6-E34F3B1CC4A3}.Debug|x86.ActiveCfg = Debug|Win32
		{E8A5DC1A-5394-4200-AFD6-E34F3B1CC4A3}.Debug|x86.Build.0 = Debug|Win32
		{E8A5DC1A-5394-4200-AFD6-E34F3B1CC4A3}.Release|x64.ActiveCfg = Release|x64
		{E8A5DC1A-5394-4200-AFD6-E34F3B1CC4A3}.Release|x64.Build.0 = Release|x64
		{E8A5DC1A-5394-4200-AFD6-E34F3B1CC4A3}.Release|x86.ActiveCfg = Release|Win32
		{E8A5DC1A-5394-4200-AFD6-E34F3B1CC4A3}.Release|x86.Build.0 = Release|Win32
		{A640A97F-AEFD-44CA-ACA7-1C82A95F89A7}.Debug|x64.ActiveCfg = Debug|x64
		{A640A97F-AEFD-44CA-ACA7-1C82A95F89A7}.Debug|x64.Build.0 = Debug|x64
		{A640A97F-AEFD-44CA-ACA7-1C82A95F89A7}.Debug|x86.ActiveCfg = Debug|Win32
		{A640A97F-AEFD-44CA-ACA7-1C82A95F89A7}.Debug|x86.Build.0 = Debug|Win32
		{A640A97F-AEFD-44CA-ACA7-1C82A95F89A7}.Release|x64.ActiveCfg = Release|x64
		{A640A97F-AEFD-44CA-ACA7-1C82A95F89A7}.Release|x64.Build.0 = Release|x64
		{A640A97F-AEFD-44CA-ACA7-1C82A95F89A7}.Release|x86.ActiveCfg = Release|Win32
		{A640A97F-AEFD-44CA-ACA7-1C82A95F89A7}.Release|x86.Build.0 = Release|Win32
		{9A352589-1A50-4219-8184-174894603416}.Debug|x64.ActiveCfg = Debug|x64
		{9A352589-1A50-4219-8184-174894603416}.Debug|x64.Build.0 = Debug|x64
		{9A352589-1A50-4219-8184-174894603416}.Debug|x86.ActiveCfg = Debug|Win32
		{9A352589-1A50-4219-8184-174894603416}.Debug|x86.Build.0 = Debug|Win32
		{9A352589-1A50-4219-8184-174894603416}.Release|x64.ActiveCfg = Release|x64
		{9A352589-1A50-4219-8184-174894603416}.Release|x64.Build.0 = Release|x64
		{9A352589-1A50-4219-8184-174894603416}.Release|x86.ActiveCfg = Release|Win32
		{9A352589-1A50-4219-8184-174894603416}.Release|x86.Build.0 = Release|Win32
		{987CB903-A1F3-4261-BA4C-0453EBB61BE0}.Debug|x64.ActiveCfg = Debug|x64
		{987CB903-A1F3-4261-BA4C-0453EBB61BE0}.Debug|x64.Build.0 = Debug|x64
		{987CB903-A1F3-4261-BA4C-0453EBB61BE0}.Debug|x86.ActiveCfg = Debug|Win32
		{987CB903-A1F3-4261-BA4C-0453EBB61BE0}.Debug|x86.Build.0 = Debug|Win32
		{987CB903-A1F3-4261-BA4C-0453EBB61BE0}.Release|x64.ActiveCfg = Release|x64
		{987CB903-A1F3-4261-BA4C-0453EBB61BE0}.Release|x64.Build.0 = Release|x64
		{987CB903-A1F3-4261-BA4C-0453EBB61BE0}.Release|x86.ActiveCfg = Release|Win32
		{987CB903-A1F3-4261-BA4C-0453EBB61BE0}.Release|x86.Build.0 = Release|Win32
		{E9E2DC03-A644-4986-9BFE-8AFFE50F025D}.Debug|x64.ActiveCfg = Debug|x64
		{E9E2DC03-A644-4986-9BFE-8AFFE50F025D}.Debug|x64.Build.0 = Debug|x64
		{E9E2DC03-A644-4986-9BFE-8AFFE50F025D}.Debug|x86.ActiveCfg = Debug|Win32
		{E9E2DC03-A644-4986-9BFE-8AFFE50F025D}.Debug|x86.Build.0 = Debug|Win32
		{E9E2DC03-A644-4986-9BFE-8AFFE50F025D}.Release|x64.ActiveCfg = Release|x64
		{E9E2DC03-A644-4986-9BFE-8AFFE50F025D}.Release|x64.Build.0 = Release|x64
		{E9E2DC03-A644-4986-9BFE-8AFFE50F025D}.Release|x86.ActiveCfg = Release|Win32
		{E9E2DC03-A644-4986-9BFE-8AFFE50F025D}.Release|x86.Build.0 = Release|Win32
		{2BF43CFE-B916-4952-9B3B-AE5CED965015}.Debug|x64.ActiveCfg = Debug|x64
		{2BF43CFE-B916-4952-9B3B-AE5CED965015}.Debug|x64.Build.0 = Debug|x64
		{2BF43CFE-B916-4952-9B3B-AE5CED965015}.Debug|x86.ActiveCfg = Debug|Win32
		{2BF43CFE-B916-4952-9B3B-AE5CED965015}.Debug|x86.Build.0 = Debug|Win32
		{2BF43CFE-B916-4952-9B3B-AE5CED965015}.Release|x64.ActiveCfg = Release|x64
		{2BF43CFE-B916-4952-9B3B-AE5CED965015}.Release|x64.Build.0 = Release|x64
		{2BF43CFE-B916-4952-9B3B-AE5CED965015}.Release|x86.ActiveCfg = Release|Win32
		{2BF43CFE-B916-4952-9B3B-AE5CED965015}.Release|x86.Build.0 = Release|Win32
		{84042078-7790-451B-9721-37766B66B93B}.Debug|x64.ActiveCfg = Debug|x64
		{84042078-7790-451B-9721-37766B66B93B}.Debug|x64.Build.0 = Debug|x64
		{84042078-7790-451B-9721-37766B66B93B}.Debug|x86.ActiveCfg = Debug|Win32
		{84042078-7790-451B-9721-37766B66B93B}.Debug|x86.Build.0 = Debug|Win32
		{84042078-7790-451B-9721-37766B66B93B}.Release|x64.ActiveCfg = Release|x64
		{84042078-7790-451B-9721-37766B66B93B}.Release|x64.Build.0 = Release|x64
		{84042078-7790-451B-9721-37766B66B93B}.Release|x86.ActiveCfg = Release|Win32
		{84042078-7790-451B-9721-37766B66B93B}.Release|x86.Build.0 = Release|Win32
		{9A2CF2B6-412B-4280-849F-E28B4E8D60B6}.Debug|x64.ActiveCfg = Debug|x64
		{9A2CF2B6-412B-4280-849F-E28B4E8D60B6}.Debug|x64.Build.0 = Debug|x64
		{9A2CF2B6-412B-4280-849F-E28B4E8D60B6}.Debug|x86.ActiveCfg = Debug|Win32
		{9A2CF2B6-412B-4280-849F-E28B4E8D60B6}.Debug|x86.Build.0 = Debug|Win32
		{9A2CF2B6-412B-4280-849F-E28B4E8D60B6}.Release|x64.ActiveCfg = Release|x64
		{9A2CF2B6-412B-4280-849F-E28B4E8D60B6}.Release|x64.Build.0 = Release|x64
		{9A2CF2B6-412B-4280-849F-E28B4E8D60B6}.Release|x86.ActiveCfg = Release|Win32
		{9A2CF2B6-412B-4280-849F-E28B4E8D60B6}.Release|x86.Build.0 = Release|Win32
	EndGlobalSection
	GlobalSection(SolutionProperties) = preSolution
		HideSolutionNode = FALSE
	EndGlobalSection
EndGlobal
