
Microsoft Visual Studio Solution File, Format Version 12.00
# Visual Studio 14
VisualStudioVersion = 14.0.25420.1
MinimumVisualStudioVersion = 10.0.40219.1
Project("{8BC9CEB8-8B4A-11D0-8D11-00A0C91BC942}") = "Prj01", "Prj01\Prj01.vcxproj", "{1D4E04FC-F880-463F-978D-945E6155593C}"
EndProject
Project("{8BC9CEB8-8B4A-11D0-8D11-00A0C91BC942}") = "Prj02", "Prj02\Prj02.vcxproj", "{8E2D6844-E9A3-4593-BCE6-4E88D0E9BB4A}"
EndProject
Project("{8BC9CEB8-8B4A-11D0-8D11-00A0C91BC942}") = "Prj03", "Prj03\Prj03.vcxproj", "{D575E31A-0FD1-4E35-A801-B142398107BF}"
EndProject
Project("{8BC9CEB8-8B4A-11D0-8D11-00A0C91BC942}") = "Prj04", "Prj04\Prj04.vcxproj", "{A487297B-B66B-42FA-B554-C24E32C903C6}"
EndProject
Project("{8BC9CEB8-8B4A-11D0-8D11-00A0C91BC942}") = "Prj05", "Prj05\Prj05.vcxproj", "{B5A87B4F-3DCE-4DB8-A900-E7641138EA42}"
EndProject
Project("{8BC9CEB8-8B4A-11D0-8D11-00A0C91BC942}") = "Prj06", "Prj06\Prj06.vcxproj", "{175C864E-590B-4FF2-B060-9AB3B4C59250}"
EndProject
Project("{8BC9CEB8-8B4A-11D0-8D11-00A0C91BC942}") = "Prj07", "Prj07\Prj07.vcxproj", "{22D558D3-A440-49BE-818A-07034A5573FB}"
EndProject
Project("{8BC9CEB8-8B4A-11D0-8D11-00A0C91BC942}") = "Prj08", "Prj08\Prj08.vcxproj", "{BD02C09C-41E0-4943-8072-FD21D51AF675}"
EndProject
Project("{8BC9CEB8-8B4A-11D0-8D11-00A0C91BC942}") = "Prj09", "Prj09\Prj09.vcxproj", "{6EF8150F-B4BD-47A8-B9D7-2853553AC910}"
EndProject
Project("{8BC9CEB8-8B4A-11D0-8D11-00A0C91BC942}") = "Prj10", "Prj10\Prj10.vcxproj", "{2054DA31-608F-4D0E-AB1E-4503FC6C3B57}"
EndProject
Project("{8BC9CEB8-8B4A-11D0-8D11-00A0C91BC942}") = "Prj11", "Prj11\Prj11.vcxproj", "{CD15C46C-36FD-42C8-8FF3-1ECC42FB3CF1}"
EndProject
Project("{8BC9CEB8-8B4A-11D0-8D11-00A0C91BC942}") = "Prj12", "Prj12\Prj12.vcxproj", "{AB7F7A23-2B75-472F-9C67-C002EAD3BB57}"
EndProject
Project("{8BC9CEB8-8B4A-11D0-8D11-00A0C91BC942}") = "Prj13", "Prj13\Prj13.vcxproj", "{3ED81510-881E-4B1F-91B5-1189FB7222C7}"
EndProject
Global
	GlobalSection(SolutionConfigurationPlatforms) = preSolution
		Debug|x64 = Debug|x64
		Debug|x86 = Debug|x86
		Release|x64 = Release|x64
		Release|x86 = Release|x86
	EndGlobalSection
	GlobalSection(ProjectConfigurationPlatforms) = postSolution
		{1D4E04FC-F880-463F-978D-945E6155593C}.Debug|x64.ActiveCfg = Debug|x64
		{1D4E04FC-F880-463F-978D-945E6155593C}.Debug|x64.Build.0 = Debug|x64
		{1D4E04FC-F880-463F-978D-945E6155593C}.Debug|x86.ActiveCfg = Debug|Win32
		{1D4E04FC-F880-463F-978D-945E6155593C}.Debug|x86.Build.0 = Debug|Win32
		{1D4E04FC-F880-463F-978D-945E6155593C}.Release|x64.ActiveCfg = Release|x64
		{1D4E04FC-F880-463F-978D-945E6155593C}.Release|x64.Build.0 = Release|x64
		{1D4E04FC-F880-463F-978D-945E6155593C}.Release|x86.ActiveCfg = Release|Win32
		{1D4E04FC-F880-463F-978D-945E6155593C}.Release|x86.Build.0 = Release|Win32
		{8E2D6844-E9A3-4593-BCE6-4E88D0E9BB4A}.Debug|x64.ActiveCfg = Debug|x64
		{8E2D6844-E9A3-4593-BCE6-4E88D0E9BB4A}.Debug|x64.Build.0 = Debug|x64
		{8E2D6844-E9A3-4593-BCE6-4E88D0E9BB4A}.Debug|x86.ActiveCfg = Debug|Win32
		{8E2D6844-E9A3-4593-BCE6-4E88D0E9BB4A}.Debug|x86.Build.0 = Debug|Win32
		{8E2D6844-E9A3-4593-BCE6-4E88D0E9BB4A}.Release|x64.ActiveCfg = Release|x64
		{8E2D6844-E9A3-4593-BCE6-4E88D0E9BB4A}.Release|x64.Build.0 = Release|x64
		{8E2D6844-E9A3-4593-BCE6-4E88D0E9BB4A}.Release|x86.ActiveCfg = Release|Win32
		{8E2D6844-E9A3-4593-BCE6-4E88D0E9BB4A}.Release|x86.Build.0 = Release|Win32
		{D575E31A-0FD1-4E35-A801-B142398107BF}.Debug|x64.ActiveCfg = Debug|x64
		{D575E31A-0FD1-4E35-A801-B142398107BF}.Debug|x64.Build.0 = Debug|x64
		{D575E31A-0FD1-4E35-A801-B142398107BF}.Debug|x86.ActiveCfg = Debug|Win32
		{D575E31A-0FD1-4E35-A801-B142398107BF}.Debug|x86.Build.0 = Debug|Win32
		{D575E31A-0FD1-4E35-A801-B142398107BF}.Release|x64.ActiveCfg = Release|x64
		{D575E31A-0FD1-4E35-A801-B142398107BF}.Release|x64.Build.0 = Release|x64
		{D575E31A-0FD1-4E35-A801-B142398107BF}.Release|x86.ActiveCfg = Release|Win32
		{D575E31A-0FD1-4E35-A801-B142398107BF}.Release|x86.Build.0 = Release|Win32
		{A487297B-B66B-42FA-B554-C24E32C903C6}.Debug|x64.ActiveCfg = Debug|x64
		{A487297B-B66B-42FA-B554-C24E32C903C6}.Debug|x64.Build.0 = Debug|x64
		{A487297B-B66B-42FA-B554-C24E32C903C6}.Debug|x86.ActiveCfg = Debug|Win32
		{A487297B-B66B-42FA-B554-C24E32C903C6}.Debug|x86.Build.0 = Debug|Win32
		{A487297B-B66B-42FA-B554-C24E32C903C6}.Release|x64.ActiveCfg = Release|x64
		{A487297B-B66B-42FA-B554-C24E32C903C6}.Release|x64.Build.0 = Release|x64
		{A487297B-B66B-42FA-B554-C24E32C903C6}.Release|x86.ActiveCfg = Release|Win32
		{A487297B-B66B-42FA-B554-C24E32C903C6}.Release|x86.Build.0 = Release|Win32
		{B5A87B4F-3DCE-4DB8-A900-E7641138EA42}.Debug|x64.ActiveCfg = Debug|x64
		{B5A87B4F-3DCE-4DB8-A900-E7641138EA42}.Debug|x64.Build.0 = Debug|x64
		{B5A87B4F-3DCE-4DB8-A900-E7641138EA42}.Debug|x86.ActiveCfg = Debug|Win32
		{B5A87B4F-3DCE-4DB8-A900-E7641138EA42}.Debug|x86.Build.0 = Debug|Win32
		{B5A87B4F-3DCE-4DB8-A900-E7641138EA42}.Release|x64.ActiveCfg = Release|x64
		{B5A87B4F-3DCE-4DB8-A900-E7641138EA42}.Release|x64.Build.0 = Release|x64
		{B5A87B4F-3DCE-4DB8-A900-E7641138EA42}.Release|x86.ActiveCfg = Release|Win32
		{B5A87B4F-3DCE-4DB8-A900-E7641138EA42}.Release|x86.Build.0 = Release|Win32
		{175C864E-590B-4FF2-B060-9AB3B4C59250}.Debug|x64.ActiveCfg = Debug|x64
		{175C864E-590B-4FF2-B060-9AB3B4C59250}.Debug|x64.Build.0 = Debug|x64
		{175C864E-590B-4FF2-B060-9AB3B4C59250}.Debug|x86.ActiveCfg = Debug|Win32
		{175C864E-590B-4FF2-B060-9AB3B4C59250}.Debug|x86.Build.0 = Debug|Win32
		{175C864E-590B-4FF2-B060-9AB3B4C59250}.Release|x64.ActiveCfg = Release|x64
		{175C864E-590B-4FF2-B060-9AB3B4C59250}.Release|x64.Build.0 = Release|x64
		{175C864E-590B-4FF2-B060-9AB3B4C59250}.Release|x86.ActiveCfg = Release|Win32
		{175C864E-590B-4FF2-B060-9AB3B4C59250}.Release|x86.Build.0 = Release|Win32
		{22D558D3-A440-49BE-818A-07034A5573FB}.Debug|x64.ActiveCfg = Debug|x64
		{22D558D3-A440-49BE-818A-07034A5573FB}.Debug|x64.Build.0 = Debug|x64
		{22D558D3-A440-49BE-818A-07034A5573FB}.Debug|x86.ActiveCfg = Debug|Win32
		{22D558D3-A440-49BE-818A-07034A5573FB}.Debug|x86.Build.0 = Debug|Win32
		{22D558D3-A440-49BE-818A-07034A5573FB}.Release|x64.ActiveCfg = Release|x64
		{22D558D3-A440-49BE-818A-07034A5573FB}.Release|x64.Build.0 = Release|x64
		{22D558D3-A440-49BE-818A-07034A5573FB}.Release|x86.ActiveCfg = Release|Win32
		{22D558D3-A440-49BE-818A-07034A5573FB}.Release|x86.Build.0 = Release|Win32
		{BD02C09C-41E0-4943-8072-FD21D51AF675}.Debug|x64.ActiveCfg = Debug|x64
		{BD02C09C-41E0-4943-8072-FD21D51AF675}.Debug|x64.Build.0 = Debug|x64
		{BD02C09C-41E0-4943-8072-FD21D51AF675}.Debug|x86.ActiveCfg = Debug|Win32
		{BD02C09C-41E0-4943-8072-FD21D51AF675}.Debug|x86.Build.0 = Debug|Win32
		{BD02C09C-41E0-4943-8072-FD21D51AF675}.Release|x64.ActiveCfg = Release|x64
		{BD02C09C-41E0-4943-8072-FD21D51AF675}.Release|x64.Build.0 = Release|x64
		{BD02C09C-41E0-4943-8072-FD21D51AF675}.Release|x86.ActiveCfg = Release|Win32
		{BD02C09C-41E0-4943-8072-FD21D51AF675}.Release|x86.Build.0 = Release|Win32
		{6EF8150F-B4BD-47A8-B9D7-2853553AC910}.Debug|x64.ActiveCfg = Debug|x64
		{6EF8150F-B4BD-47A8-B9D7-2853553AC910}.Debug|x64.Build.0 = Debug|x64
		{6EF8150F-B4BD-47A8-B9D7-2853553AC910}.Debug|x86.ActiveCfg = Debug|Win32
		{6EF8150F-B4BD-47A8-B9D7-2853553AC910}.Debug|x86.Build.0 = Debug|Win32
		{6EF8150F-B4BD-47A8-B9D7-2853553AC910}.Release|x64.ActiveCfg = Release|x64
		{6EF8150F-B4BD-47A8-B9D7-2853553AC910}.Release|x64.Build.0 = Release|x64
		{6EF8150F-B4BD-47A8-B9D7-2853553AC910}.Release|x86.ActiveCfg = Release|Win32
		{6EF8150F-B4BD-47A8-B9D7-2853553AC910}.Release|x86.Build.0 = Release|Win32
		{2054DA31-608F-4D0E-AB1E-4503FC6C3B57}.Debug|x64.ActiveCfg = Debug|x64
		{2054DA31-608F-4D0E-AB1E-4503FC6C3B57}.Debug|x64.Build.0 = Debug|x64
		{2054DA31-608F-4D0E-AB1E-4503FC6C3B57}.Debug|x86.ActiveCfg = Debug|Win32
		{2054DA31-608F-4D0E-AB1E-4503FC6C3B57}.Debug|x86.Build.0 = Debug|Win32
		{2054DA31-608F-4D0E-AB1E-4503FC6C3B57}.Release|x64.ActiveCfg = Release|x64
		{2054DA31-608F-4D0E-AB1E-4503FC6C3B57}.Release|x64.Build.0 = Release|x64
		{2054DA31-608F-4D0E-AB1E-4503FC6C3B57}.Release|x86.ActiveCfg = Release|Win32
		{2054DA31-608F-4D0E-AB1E-4503FC6C3B57}.Release|x86.Build.0 = Release|Win32
		{CD15C46C-36FD-42C8-8FF3-1ECC42FB3CF1}.Debug|x64.ActiveCfg = Debug|x64
		{CD15C46C-36FD-42C8-8FF3-1ECC42FB3CF1}.Debug|x64.Build.0 = Debug|x64
		{CD15C46C-36FD-42C8-8FF3-1ECC42FB3CF1}.Debug|x86.ActiveCfg = Debug|Win32
		{CD15C46C-36FD-42C8-8FF3-1ECC42FB3CF1}.Debug|x86.Build.0 = Debug|Win32
		{CD15C46C-36FD-42C8-8FF3-1ECC42FB3CF1}.Release|x64.ActiveCfg = Release|x64
		{CD15C46C-36FD-42C8-8FF3-1ECC42FB3CF1}.Release|x64.Build.0 = Release|x64
		{CD15C46C-36FD-42C8-8FF3-1ECC42FB3CF1}.Release|x86.ActiveCfg = Release|Win32
		{CD15C46C-36FD-42C8-8FF3-1ECC42FB3CF1}.Release|x86.Build.0 = Release|Win32
		{AB7F7A23-2B75-472F-9C67-C002EAD3BB57}.Debug|x64.ActiveCfg = Debug|x64
		{AB7F7A23-2B75-472F-9C67-C002EAD3BB57}.Debug|x64.Build.0 = Debug|x64
		{AB7F7A23-2B75-472F-9C67-C002EAD3BB57}.Debug|x86.ActiveCfg = Debug|Win32
		{AB7F7A23-2B75-472F-9C67-C002EAD3BB57}.Debug|x86.Build.0 = Debug|Win32
		{AB7F7A23-2B75-472F-9C67-C002EAD3BB57}.Release|x64.ActiveCfg = Release|x64
		{AB7F7A23-2B75-472F-9C67-C002EAD3BB57}.Release|x64.Build.0 = Release|x64
		{AB7F7A23-2B75-472F-9C67-C002EAD3BB57}.Release|x86.ActiveCfg = Release|Win32
		{AB7F7A23-2B75-472F-9C67-C002EAD3BB57}.Release|x86.Build.0 = Release|Win32
		{3ED81510-881E-4B1F-91B5-1189FB7222C7}.Debug|x64.ActiveCfg = Debug|x64
		{3ED81510-881E-4B1F-91B5-1189FB7222C7}.Debug|x64.Build.0 = Debug|x64
		{3ED81510-881E-4B1F-91B5-1189FB7222C7}.Debug|x86.ActiveCfg = Debug|Win32
		{3ED81510-881E-4B1F-91B5-1189FB7222C7}.Debug|x86.Build.0 = Debug|Win32
		{3ED81510-881E-4B1F-91B5-1189FB7222C7}.Release|x64.ActiveCfg = Release|x64
		{3ED81510-881E-4B1F-91B5-1189FB7222C7}.Release|x64.Build.0 = Release|x64
		{3ED81510-881E-4B1F-91B5-1189FB7222C7}.Release|x86.ActiveCfg = Release|Win32
		{3ED81510-881E-4B1F-91B5-1189FB7222C7}.Release|x86.Build.0 = Release|Win32
	EndGlobalSection
	GlobalSection(SolutionProperties) = preSolution
		HideSolutionNode = FALSE
	EndGlobalSection
EndGlobal
